
Microsoft Visual Studio Solution File, Format Version 12.00
# Visual Studio Version 17
VisualStudioVersion = 17.7.34024.191
MinimumVisualStudioVersion = 10.0.40219.1
Project("{FAE04EC0-301F-11D3-BF4B-00C04F79EFBC}") = "Bioscoo_DW.Console", "Bioscoo_DW.Console\Bioscoo_DW.Console.csproj", "{A2B19C5C-8D1C-474C-9FCE-FDFB2DA37004}"
EndProject
Project("{FAE04EC0-301F-11D3-BF4B-00C04F79EFBC}") = "Bioscoop_DW.Common", "Bioscoop_DW.Common\Bioscoop_DW.Common.csproj", "{AF1DBE05-B1D9-4B33-82D6-C3CD5674901C}"
EndProject
Global
	GlobalSection(SolutionConfigurationPlatforms) = preSolution
		Debug|Any CPU = Debug|Any CPU
		Release|Any CPU = Release|Any CPU
	EndGlobalSection
	GlobalSection(ProjectConfigurationPlatforms) = postSolution
		{A2B19C5C-8D1C-474C-9FCE-FDFB2DA37004}.Debug|Any CPU.ActiveCfg = Debug|Any CPU
		{A2B19C5C-8D1C-474C-9FCE-FDFB2DA37004}.Debug|Any CPU.Build.0 = Debug|Any CPU
		{A2B19C5C-8D1C-474C-9FCE-FDFB2DA37004}.Release|Any CPU.ActiveCfg = Release|Any CPU
		{A2B19C5C-8D1C-474C-9FCE-FDFB2DA37004}.Release|Any CPU.Build.0 = Release|Any CPU
		{AF1DBE05-B1D9-4B33-82D6-C3CD5674901C}.Debug|Any CPU.ActiveCfg = Debug|Any CPU
		{AF1DBE05-B1D9-4B33-82D6-C3CD5674901C}.Debug|Any CPU.Build.0 = Debug|Any CPU
		{AF1DBE05-B1D9-4B33-82D6-C3CD5674901C}.Release|Any CPU.ActiveCfg = Release|Any CPU
		{AF1DBE05-B1D9-4B33-82D6-C3CD5674901C}.Release|Any CPU.Build.0 = Release|Any CPU
	EndGlobalSection
	GlobalSection(SolutionProperties) = preSolution
		HideSolutionNode = FALSE
	EndGlobalSection
	GlobalSection(ExtensibilityGlobals) = postSolution
		SolutionGuid = {F7C1AEB3-A172-41A5-8AD0-6AF514DB5385}
	EndGlobalSection
EndGlobal
